
Microsoft Visual Studio Solution File, Format Version 12.00
# Visual Studio Version 17
VisualStudioVersion = 17.6.33712.159
MinimumVisualStudioVersion = 10.0.40219.1
Project("{9A19103F-16F7-4668-BE54-9A1E7A4F7556}") = "MattRamageTrivia", "MattRamageTrivia\MattRamageTrivia.csproj", "{37AD841B-E5A1-4268-8EC8-8B19A5536BF6}"
EndProject
Global
	GlobalSection(SolutionConfigurationPlatforms) = preSolution
		Debug|Any CPU = Debug|Any CPU
		Release|Any CPU = Release|Any CPU
	EndGlobalSection
	GlobalSection(ProjectConfigurationPlatforms) = postSolution
		{37AD841B-E5A1-4268-8EC8-8B19A5536BF6}.Debug|Any CPU.ActiveCfg = Debug|Any CPU
		{37AD841B-E5A1-4268-8EC8-8B19A5536BF6}.Debug|Any CPU.Build.0 = Debug|Any CPU
		{37AD841B-E5A1-4268-8EC8-8B19A5536BF6}.Release|Any CPU.ActiveCfg = Release|Any CPU
		{37AD841B-E5A1-4268-8EC8-8B19A5536BF6}.Release|Any CPU.Build.0 = Release|Any CPU
	EndGlobalSection
	GlobalSection(SolutionProperties) = preSolution
		HideSolutionNode = FALSE
	EndGlobalSection
	GlobalSection(ExtensibilityGlobals) = postSolution
		SolutionGuid = {F39BE005-DCEB-41F4-8C6C-8A1F828D1815}
	EndGlobalSection
EndGlobal
